
Microsoft Visual Studio Solution File, Format Version 12.00
# Visual Studio Version 17
VisualStudioVersion = 17.0.31903.59
MinimumVisualStudioVersion = 10.0.40219.1
Project("{FAE04EC0-301F-11D3-BF4B-00C04F79EFBC}") = "SillySynth", "SillySynth\SillySynth.csproj", "{B23A3FCE-250A-4CA1-A8E9-77D9CE9A5E9A}"
EndProject
Project("{FAE04EC0-301F-11D3-BF4B-00C04F79EFBC}") = "SillySynth.SoundFont", "SillySynth.SoundFont\SillySynth.SoundFont.csproj", "{E2EC1C91-75F1-428A-AC4E-9EB8ABD0CE13}"
EndProject
Global
	GlobalSection(SolutionConfigurationPlatforms) = preSolution
		Debug|Any CPU = Debug|Any CPU
		Debug|x64 = Debug|x64
		Debug|x86 = Debug|x86
		Release|Any CPU = Release|Any CPU
		Release|x64 = Release|x64
		Release|x86 = Release|x86
	EndGlobalSection
	GlobalSection(ProjectConfigurationPlatforms) = postSolution
		{B23A3FCE-250A-4CA1-A8E9-77D9CE9A5E9A}.Debug|Any CPU.ActiveCfg = Debug|Any CPU
		{B23A3FCE-250A-4CA1-A8E9-77D9CE9A5E9A}.Debug|Any CPU.Build.0 = Debug|Any CPU
		{B23A3FCE-250A-4CA1-A8E9-77D9CE9A5E9A}.Debug|x64.ActiveCfg = Debug|Any CPU
		{B23A3FCE-250A-4CA1-A8E9-77D9CE9A5E9A}.Debug|x64.Build.0 = Debug|Any CPU
		{B23A3FCE-250A-4CA1-A8E9-77D9CE9A5E9A}.Debug|x86.ActiveCfg = Debug|Any CPU
		{B23A3FCE-250A-4CA1-A8E9-77D9CE9A5E9A}.Debug|x86.Build.0 = Debug|Any CPU
		{B23A3FCE-250A-4CA1-A8E9-77D9CE9A5E9A}.Release|Any CPU.ActiveCfg = Release|Any CPU
		{B23A3FCE-250A-4CA1-A8E9-77D9CE9A5E9A}.Release|Any CPU.Build.0 = Release|Any CPU
		{B23A3FCE-250A-4CA1-A8E9-77D9CE9A5E9A}.Release|x64.ActiveCfg = Release|Any CPU
		{B23A3FCE-250A-4CA1-A8E9-77D9CE9A5E9A}.Release|x64.Build.0 = Release|Any CPU
		{B23A3FCE-250A-4CA1-A8E9-77D9CE9A5E9A}.Release|x86.ActiveCfg = Release|Any CPU
		{B23A3FCE-250A-4CA1-A8E9-77D9CE9A5E9A}.Release|x86.Build.0 = Release|Any CPU
		{E2EC1C91-75F1-428A-AC4E-9EB8ABD0CE13}.Debug|Any CPU.ActiveCfg = Debug|Any CPU
		{E2EC1C91-75F1-428A-AC4E-9EB8ABD0CE13}.Debug|Any CPU.Build.0 = Debug|Any CPU
		{E2EC1C91-75F1-428A-AC4E-9EB8ABD0CE13}.Debug|x64.ActiveCfg = Debug|Any CPU
		{E2EC1C91-75F1-428A-AC4E-9EB8ABD0CE13}.Debug|x64.Build.0 = Debug|Any CPU
		{E2EC1C91-75F1-428A-AC4E-9EB8ABD0CE13}.Debug|x86.ActiveCfg = Debug|Any CPU
		{E2EC1C91-75F1-428A-AC4E-9EB8ABD0CE13}.Debug|x86.Build.0 = Debug|Any CPU
		{E2EC1C91-75F1-428A-AC4E-9EB8ABD0CE13}.Release|Any CPU.ActiveCfg = Release|Any CPU
		{E2EC1C91-75F1-428A-AC4E-9EB8ABD0CE13}.Release|Any CPU.Build.0 = Release|Any CPU
		{E2EC1C91-75F1-428A-AC4E-9EB8ABD0CE13}.Release|x64.ActiveCfg = Release|Any CPU
		{E2EC1C91-75F1-428A-AC4E-9EB8ABD0CE13}.Release|x64.Build.0 = Release|Any CPU
		{E2EC1C91-75F1-428A-AC4E-9EB8ABD0CE13}.Release|x86.ActiveCfg = Release|Any CPU
		{E2EC1C91-75F1-428A-AC4E-9EB8ABD0CE13}.Release|x86.Build.0 = Release|Any CPU
	EndGlobalSection
	GlobalSection(SolutionProperties) = preSolution
		HideSolutionNode = FALSE
	EndGlobalSection
EndGlobal
